// !$*UTF8*$!
{
	archiveVersion = 1;
	classes = {
	};
	objectVersion = 55;
	objects = {

/* Begin PBXBuildFile section */
		6C126ECD2DBA600400FCB0A0 /* AdicionarTags.swift in Sources */ = {isa = PBXBuildFile; fileRef = 6C126ECC2DBA600400FCB0A0 /* AdicionarTags.swift */; };
		6C126ED02DBA609C00FCB0A0 /* PerfilHome.swift in Sources */ = {isa = PBXBuildFile; fileRef = 6C126ECF2DBA609C00FCB0A0 /* PerfilHome.swift */; };
		6C4D61052DBBB8050011E39A /* EmotionsData.json in Resources */ = {isa = PBXBuildFile; fileRef = 6C4D61042DBBB8050011E39A /* EmotionsData.json */; };
		E653264A2DA7EF9700380B93 /* MeuDiarioApp.swift in Sources */ = {isa = PBXBuildFile; fileRef = E65326492DA7EF9700380B93 /* MeuDiarioApp.swift */; };
		E653264C2DA7EF9700380B93 /* ContentView.swift in Sources */ = {isa = PBXBuildFile; fileRef = E653264B2DA7EF9700380B93 /* ContentView.swift */; };
		E653264E2DA7EF9B00380B93 /* Assets.xcassets in Resources */ = {isa = PBXBuildFile; fileRef = E653264D2DA7EF9B00380B93 /* Assets.xcassets */; };
		E65326512DA7EF9B00380B93 /* Preview Assets.xcassets in Resources */ = {isa = PBXBuildFile; fileRef = E65326502DA7EF9B00380B93 /* Preview Assets.xcassets */; };
		E65326582DA7EFDB00380B93 /* DiarioEntrada.swift in Sources */ = {isa = PBXBuildFile; fileRef = E65326572DA7EFDB00380B93 /* DiarioEntrada.swift */; };
		E653265A2DA7F07F00380B93 /* DiarioViewModel.swift in Sources */ = {isa = PBXBuildFile; fileRef = E65326592DA7F07F00380B93 /* DiarioViewModel.swift */; };
		E653265C2DA8007000380B93 /* Emocao.swift in Sources */ = {isa = PBXBuildFile; fileRef = E653265B2DA8007000380B93 /* Emocao.swift */; };
		E69C191E2DBBAD1300E5E7B3 /* DataFormatada.swift in Sources */ = {isa = PBXBuildFile; fileRef = E69C191D2DBBAD1300E5E7B3 /* DataFormatada.swift */; };
		E69C19202DBBAD2F00E5E7B3 /* HorarioFormatado.swift in Sources */ = {isa = PBXBuildFile; fileRef = E69C191F2DBBAD2F00E5E7B3 /* HorarioFormatado.swift */; };
		E69C19222DBBAD4B00E5E7B3 /* NewTag.swift in Sources */ = {isa = PBXBuildFile; fileRef = E69C19212DBBAD4B00E5E7B3 /* NewTag.swift */; };
		E69C19282DBBC36000E5E7B3 /* SalvarEmocao.swift in Sources */ = {isa = PBXBuildFile; fileRef = E69C19272DBBC36000E5E7B3 /* SalvarEmocao.swift */; };
		E6AAEF9F2DB90B4A00911337 /* EntradasJournal.swift in Sources */ = {isa = PBXBuildFile; fileRef = E6AAEF9E2DB90B4A00911337 /* EntradasJournal.swift */; };
		E6D68B132DB7DB5D003442A4 /* TagsHome.swift in Sources */ = {isa = PBXBuildFile; fileRef = E6D68B122DB7DB5D003442A4 /* TagsHome.swift */; };
		E6D68B152DB7DBF3003442A4 /* EmotionsView.swift in Sources */ = {isa = PBXBuildFile; fileRef = E6D68B142DB7DBF3003442A4 /* EmotionsView.swift */; };
		E6EA488D2DB7D29300C77477 /* Tabbar.swift in Sources */ = {isa = PBXBuildFile; fileRef = E6EA488C2DB7D29300C77477 /* Tabbar.swift */; };
		E6EA488F2DB7D4A400C77477 /* JournalHome.swift in Sources */ = {isa = PBXBuildFile; fileRef = E6EA488E2DB7D4A400C77477 /* JournalHome.swift */; };
/* End PBXBuildFile section */

/* Begin PBXFileReference section */
		6C126ECC2DBA600400FCB0A0 /* AdicionarTags.swift */ = {isa = PBXFileReference; lastKnownFileType = sourcecode.swift; path = AdicionarTags.swift; sourceTree = "<group>"; };
		6C126ECF2DBA609C00FCB0A0 /* PerfilHome.swift */ = {isa = PBXFileReference; lastKnownFileType = sourcecode.swift; path = PerfilHome.swift; sourceTree = "<group>"; };
		6C4D61042DBBB8050011E39A /* EmotionsData.json */ = {isa = PBXFileReference; lastKnownFileType = text.json; path = EmotionsData.json; sourceTree = "<group>"; };
		E65326462DA7EF9700380B93 /* MeuDiario.app */ = {isa = PBXFileReference; explicitFileType = wrapper.application; includeInIndex = 0; path = MeuDiario.app; sourceTree = BUILT_PRODUCTS_DIR; };
		E65326492DA7EF9700380B93 /* MeuDiarioApp.swift */ = {isa = PBXFileReference; lastKnownFileType = sourcecode.swift; path = MeuDiarioApp.swift; sourceTree = "<group>"; };
		E653264B2DA7EF9700380B93 /* ContentView.swift */ = {isa = PBXFileReference; lastKnownFileType = sourcecode.swift; path = ContentView.swift; sourceTree = "<group>"; };
		E653264D2DA7EF9B00380B93 /* Assets.xcassets */ = {isa = PBXFileReference; lastKnownFileType = folder.assetcatalog; path = Assets.xcassets; sourceTree = "<group>"; };
		E65326502DA7EF9B00380B93 /* Preview Assets.xcassets */ = {isa = PBXFileReference; lastKnownFileType = folder.assetcatalog; path = "Preview Assets.xcassets"; sourceTree = "<group>"; };
		E65326572DA7EFDB00380B93 /* DiarioEntrada.swift */ = {isa = PBXFileReference; lastKnownFileType = sourcecode.swift; path = DiarioEntrada.swift; sourceTree = "<group>"; };
		E65326592DA7F07F00380B93 /* DiarioViewModel.swift */ = {isa = PBXFileReference; lastKnownFileType = sourcecode.swift; path = DiarioViewModel.swift; sourceTree = "<group>"; };
		E653265B2DA8007000380B93 /* Emocao.swift */ = {isa = PBXFileReference; lastKnownFileType = sourcecode.swift; path = Emocao.swift; sourceTree = "<group>"; };
		E69C191D2DBBAD1300E5E7B3 /* DataFormatada.swift */ = {isa = PBXFileReference; lastKnownFileType = sourcecode.swift; path = DataFormatada.swift; sourceTree = "<group>"; };
		E69C191F2DBBAD2F00E5E7B3 /* HorarioFormatado.swift */ = {isa = PBXFileReference; lastKnownFileType = sourcecode.swift; path = HorarioFormatado.swift; sourceTree = "<group>"; };
		E69C19212DBBAD4B00E5E7B3 /* NewTag.swift */ = {isa = PBXFileReference; lastKnownFileType = sourcecode.swift; path = NewTag.swift; sourceTree = "<group>"; };
		E69C19272DBBC36000E5E7B3 /* SalvarEmocao.swift */ = {isa = PBXFileReference; lastKnownFileType = sourcecode.swift; path = SalvarEmocao.swift; sourceTree = "<group>"; };
		E6AAEF9E2DB90B4A00911337 /* EntradasJournal.swift */ = {isa = PBXFileReference; lastKnownFileType = sourcecode.swift; path = EntradasJournal.swift; sourceTree = "<group>"; };
		E6D68B122DB7DB5D003442A4 /* TagsHome.swift */ = {isa = PBXFileReference; lastKnownFileType = sourcecode.swift; path = TagsHome.swift; sourceTree = "<group>"; };
		E6D68B142DB7DBF3003442A4 /* EmotionsView.swift */ = {isa = PBXFileReference; lastKnownFileType = sourcecode.swift; path = EmotionsView.swift; sourceTree = "<group>"; };
		E6EA488C2DB7D29300C77477 /* Tabbar.swift */ = {isa = PBXFileReference; lastKnownFileType = sourcecode.swift; path = Tabbar.swift; sourceTree = "<group>"; };
		E6EA488E2DB7D4A400C77477 /* JournalHome.swift */ = {isa = PBXFileReference; lastKnownFileType = sourcecode.swift; path = JournalHome.swift; sourceTree = "<group>"; };
/* End PBXFileReference section */

/* Begin PBXFrameworksBuildPhase section */
		E65326432DA7EF9700380B93 /* Frameworks */ = {
			isa = PBXFrameworksBuildPhase;
			buildActionMask = 2147483647;
			files = (
			);
			runOnlyForDeploymentPostprocessing = 0;
		};
/* End PBXFrameworksBuildPhase section */

/* Begin PBXGroup section */
		6C126ECE2DBA608800FCB0A0 /* Perfil */ = {
			isa = PBXGroup;
			children = (
				6C126ECF2DBA609C00FCB0A0 /* PerfilHome.swift */,
			);
			path = Perfil;
			sourceTree = "<group>";
		};
		E653263D2DA7EF9700380B93 = {
			isa = PBXGroup;
			children = (
				E65326482DA7EF9700380B93 /* MeuDiario */,
				E65326472DA7EF9700380B93 /* Products */,
			);
			sourceTree = "<group>";
		};
		E65326472DA7EF9700380B93 /* Products */ = {
			isa = PBXGroup;
			children = (
				E65326462DA7EF9700380B93 /* MeuDiario.app */,
			);
			name = Products;
			sourceTree = "<group>";
		};
		E65326482DA7EF9700380B93 /* MeuDiario */ = {
			isa = PBXGroup;
			children = (
				E69C191C2DBBACE700E5E7B3 /* Functions */,
				E6EA488B2DB7D25F00C77477 /* Data */,
				E6EA48872DB7D1ED00C77477 /* Views */,
				E65326492DA7EF9700380B93 /* MeuDiarioApp.swift */,
				E653264D2DA7EF9B00380B93 /* Assets.xcassets */,
				E653264F2DA7EF9B00380B93 /* Preview Content */,
			);
			path = MeuDiario;
			sourceTree = "<group>";
		};
		E653264F2DA7EF9B00380B93 /* Preview Content */ = {
			isa = PBXGroup;
			children = (
				E65326502DA7EF9B00380B93 /* Preview Assets.xcassets */,
			);
			path = "Preview Content";
			sourceTree = "<group>";
		};
		E69C191C2DBBACE700E5E7B3 /* Functions */ = {
			isa = PBXGroup;
			children = (
				E69C191D2DBBAD1300E5E7B3 /* DataFormatada.swift */,
				E69C191F2DBBAD2F00E5E7B3 /* HorarioFormatado.swift */,
				E69C19212DBBAD4B00E5E7B3 /* NewTag.swift */,
				E69C19272DBBC36000E5E7B3 /* SalvarEmocao.swift */,
			);
			path = Functions;
			sourceTree = "<group>";
		};
		E6EA48872DB7D1ED00C77477 /* Views */ = {
			isa = PBXGroup;
			children = (
				6C126ECE2DBA608800FCB0A0 /* Perfil */,
				E6EA488A2DB7D21C00C77477 /* Tags */,
				E6EA48892DB7D20E00C77477 /* Emocoes */,
				E6EA48882DB7D20400C77477 /* Journal */,
				E653264B2DA7EF9700380B93 /* ContentView.swift */,
				E6EA488C2DB7D29300C77477 /* Tabbar.swift */,
			);
			path = Views;
			sourceTree = "<group>";
		};
		E6EA48882DB7D20400C77477 /* Journal */ = {
			isa = PBXGroup;
			children = (
				E6AAEF9E2DB90B4A00911337 /* EntradasJournal.swift */,
				E6EA488E2DB7D4A400C77477 /* JournalHome.swift */,
			);
			path = Journal;
			sourceTree = "<group>";
		};
		E6EA48892DB7D20E00C77477 /* Emocoes */ = {
			isa = PBXGroup;
			children = (
				E6D68B142DB7DBF3003442A4 /* EmotionsView.swift */,
			);
			path = Emocoes;
			sourceTree = "<group>";
		};
		E6EA488A2DB7D21C00C77477 /* Tags */ = {
			isa = PBXGroup;
			children = (
				E6D68B122DB7DB5D003442A4 /* TagsHome.swift */,
				6C126ECC2DBA600400FCB0A0 /* AdicionarTags.swift */,
			);
			path = Tags;
			sourceTree = "<group>";
		};
		E6EA488B2DB7D25F00C77477 /* Data */ = {
			isa = PBXGroup;
			children = (
				E65326572DA7EFDB00380B93 /* DiarioEntrada.swift */,
				E65326592DA7F07F00380B93 /* DiarioViewModel.swift */,
				E653265B2DA8007000380B93 /* Emocao.swift */,
				6C4D61042DBBB8050011E39A /* EmotionsData.json */,
			);
			path = Data;
			sourceTree = "<group>";
		};
/* End PBXGroup section */

/* Begin PBXNativeTarget section */
		E65326452DA7EF9700380B93 /* MeuDiario */ = {
			isa = PBXNativeTarget;
			buildConfigurationList = E65326542DA7EF9B00380B93 /* Build configuration list for PBXNativeTarget "MeuDiario" */;
			buildPhases = (
				E65326422DA7EF9700380B93 /* Sources */,
				E65326432DA7EF9700380B93 /* Frameworks */,
				E65326442DA7EF9700380B93 /* Resources */,
			);
			buildRules = (
			);
			dependencies = (
			);
			name = MeuDiario;
			productName = MeuDiario;
			productReference = E65326462DA7EF9700380B93 /* MeuDiario.app */;
			productType = "com.apple.product-type.application";
		};
/* End PBXNativeTarget section */

/* Begin PBXProject section */
		E653263E2DA7EF9700380B93 /* Project object */ = {
			isa = PBXProject;
			attributes = {
				BuildIndependentTargetsInParallel = 1;
				LastSwiftUpdateCheck = 1320;
				LastUpgradeCheck = 1320;
				TargetAttributes = {
					E65326452DA7EF9700380B93 = {
						CreatedOnToolsVersion = 13.2;
					};
				};
			};
			buildConfigurationList = E65326412DA7EF9700380B93 /* Build configuration list for PBXProject "MeuDiario" */;
			compatibilityVersion = "Xcode 13.0";
			developmentRegion = en;
			hasScannedForEncodings = 0;
			knownRegions = (
				en,
				Base,
			);
			mainGroup = E653263D2DA7EF9700380B93;
			productRefGroup = E65326472DA7EF9700380B93 /* Products */;
			projectDirPath = "";
			projectRoot = "";
			targets = (
				E65326452DA7EF9700380B93 /* MeuDiario */,
			);
		};
/* End PBXProject section */

/* Begin PBXResourcesBuildPhase section */
		E65326442DA7EF9700380B93 /* Resources */ = {
			isa = PBXResourcesBuildPhase;
			buildActionMask = 2147483647;
			files = (
				E65326512DA7EF9B00380B93 /* Preview Assets.xcassets in Resources */,
				E653264E2DA7EF9B00380B93 /* Assets.xcassets in Resources */,
				6C4D61052DBBB8050011E39A /* EmotionsData.json in Resources */,
			);
			runOnlyForDeploymentPostprocessing = 0;
		};
/* End PBXResourcesBuildPhase section */

/* Begin PBXSourcesBuildPhase section */
		E65326422DA7EF9700380B93 /* Sources */ = {
			isa = PBXSourcesBuildPhase;
			buildActionMask = 2147483647;
			files = (
				6C126ECD2DBA600400FCB0A0 /* AdicionarTags.swift in Sources */,
				E653265A2DA7F07F00380B93 /* DiarioViewModel.swift in Sources */,
				E6D68B152DB7DBF3003442A4 /* EmotionsView.swift in Sources */,
				E6D68B132DB7DB5D003442A4 /* TagsHome.swift in Sources */,
				E6AAEF9F2DB90B4A00911337 /* EntradasJournal.swift in Sources */,
				E6EA488F2DB7D4A400C77477 /* JournalHome.swift in Sources */,
				6C126ED02DBA609C00FCB0A0 /* PerfilHome.swift in Sources */,
				E653265C2DA8007000380B93 /* Emocao.swift in Sources */,
				E69C19202DBBAD2F00E5E7B3 /* HorarioFormatado.swift in Sources */,
				E653264C2DA7EF9700380B93 /* ContentView.swift in Sources */,
				E69C19282DBBC36000E5E7B3 /* SalvarEmocao.swift in Sources */,
				E6EA488D2DB7D29300C77477 /* Tabbar.swift in Sources */,
				E65326582DA7EFDB00380B93 /* DiarioEntrada.swift in Sources */,
				E69C19222DBBAD4B00E5E7B3 /* NewTag.swift in Sources */,
				E653264A2DA7EF9700380B93 /* MeuDiarioApp.swift in Sources */,
				E69C191E2DBBAD1300E5E7B3 /* DataFormatada.swift in Sources */,
			);
			runOnlyForDeploymentPostprocessing = 0;
		};
/* End PBXSourcesBuildPhase section */

/* Begin XCBuildConfiguration section */
		E65326522DA7EF9B00380B93 /* Debug */ = {
			isa = XCBuildConfiguration;
			buildSettings = {
				ALWAYS_SEARCH_USER_PATHS = NO;
				CLANG_ANALYZER_NONNULL = YES;
				CLANG_ANALYZER_NUMBER_OBJECT_CONVERSION = YES_AGGRESSIVE;
				CLANG_CXX_LANGUAGE_STANDARD = "gnu++17";
				CLANG_CXX_LIBRARY = "libc++";
				CLANG_ENABLE_MODULES = YES;
				CLANG_ENABLE_OBJC_ARC = YES;
				CLANG_ENABLE_OBJC_WEAK = YES;
				CLANG_WARN_BLOCK_CAPTURE_AUTORELEASING = YES;
				CLANG_WARN_BOOL_CONVERSION = YES;
				CLANG_WARN_COMMA = YES;
				CLANG_WARN_CONSTANT_CONVERSION = YES;
				CLANG_WARN_DEPRECATED_OBJC_IMPLEMENTATIONS = YES;
				CLANG_WARN_DIRECT_OBJC_ISA_USAGE = YES_ERROR;
				CLANG_WARN_DOCUMENTATION_COMMENTS = YES;
				CLANG_WARN_EMPTY_BODY = YES;
				CLANG_WARN_ENUM_CONVERSION = YES;
				CLANG_WARN_INFINITE_RECURSION = YES;
				CLANG_WARN_INT_CONVERSION = YES;
				CLANG_WARN_NON_LITERAL_NULL_CONVERSION = YES;
				CLANG_WARN_OBJC_IMPLICIT_RETAIN_SELF = YES;
				CLANG_WARN_OBJC_LITERAL_CONVERSION = YES;
				CLANG_WARN_OBJC_ROOT_CLASS = YES_ERROR;
				CLANG_WARN_QUOTED_INCLUDE_IN_FRAMEWORK_HEADER = YES;
				CLANG_WARN_RANGE_LOOP_ANALYSIS = YES;
				CLANG_WARN_STRICT_PROTOTYPES = YES;
				CLANG_WARN_SUSPICIOUS_MOVE = YES;
				CLANG_WARN_UNGUARDED_AVAILABILITY = YES_AGGRESSIVE;
				CLANG_WARN_UNREACHABLE_CODE = YES;
				CLANG_WARN__DUPLICATE_METHOD_MATCH = YES;
				COPY_PHASE_STRIP = NO;
				DEBUG_INFORMATION_FORMAT = dwarf;
				ENABLE_STRICT_OBJC_MSGSEND = YES;
				ENABLE_TESTABILITY = YES;
				GCC_C_LANGUAGE_STANDARD = gnu11;
				GCC_DYNAMIC_NO_PIC = NO;
				GCC_NO_COMMON_BLOCKS = YES;
				GCC_OPTIMIZATION_LEVEL = 0;
				GCC_PREPROCESSOR_DEFINITIONS = (
					"DEBUG=1",
					"$(inherited)",
				);
				GCC_WARN_64_TO_32_BIT_CONVERSION = YES;
				GCC_WARN_ABOUT_RETURN_TYPE = YES_ERROR;
				GCC_WARN_UNDECLARED_SELECTOR = YES;
				GCC_WARN_UNINITIALIZED_AUTOS = YES_AGGRESSIVE;
				GCC_WARN_UNUSED_FUNCTION = YES;
				GCC_WARN_UNUSED_VARIABLE = YES;
				IPHONEOS_DEPLOYMENT_TARGET = 15.2;
				MTL_ENABLE_DEBUG_INFO = INCLUDE_SOURCE;
				MTL_FAST_MATH = YES;
				ONLY_ACTIVE_ARCH = YES;
				SDKROOT = iphoneos;
				SWIFT_ACTIVE_COMPILATION_CONDITIONS = DEBUG;
				SWIFT_OPTIMIZATION_LEVEL = "-Onone";
			};
			name = Debug;
		};
		E65326532DA7EF9B00380B93 /* Release */ = {
			isa = XCBuildConfiguration;
			buildSettings = {
				ALWAYS_SEARCH_USER_PATHS = NO;
				CLANG_ANALYZER_NONNULL = YES;
				CLANG_ANALYZER_NUMBER_OBJECT_CONVERSION = YES_AGGRESSIVE;
				CLANG_CXX_LANGUAGE_STANDARD = "gnu++17";
				CLANG_CXX_LIBRARY = "libc++";
				CLANG_ENABLE_MODULES = YES;
				CLANG_ENABLE_OBJC_ARC = YES;
				CLANG_ENABLE_OBJC_WEAK = YES;
				CLANG_WARN_BLOCK_CAPTURE_AUTORELEASING = YES;
				CLANG_WARN_BOOL_CONVERSION = YES;
				CLANG_WARN_COMMA = YES;
				CLANG_WARN_CONSTANT_CONVERSION = YES;
				CLANG_WARN_DEPRECATED_OBJC_IMPLEMENTATIONS = YES;
				CLANG_WARN_DIRECT_OBJC_ISA_USAGE = YES_ERROR;
				CLANG_WARN_DOCUMENTATION_COMMENTS = YES;
				CLANG_WARN_EMPTY_BODY = YES;
				CLANG_WARN_ENUM_CONVERSION = YES;
				CLANG_WARN_INFINITE_RECURSION = YES;
				CLANG_WARN_INT_CONVERSION = YES;
				CLANG_WARN_NON_LITERAL_NULL_CONVERSION = YES;
				CLANG_WARN_OBJC_IMPLICIT_RETAIN_SELF = YES;
				CLANG_WARN_OBJC_LITERAL_CONVERSION = YES;
				CLANG_WARN_OBJC_ROOT_CLASS = YES_ERROR;
				CLANG_WARN_QUOTED_INCLUDE_IN_FRAMEWORK_HEADER = YES;
				CLANG_WARN_RANGE_LOOP_ANALYSIS = YES;
				CLANG_WARN_STRICT_PROTOTYPES = YES;
				CLANG_WARN_SUSPICIOUS_MOVE = YES;
				CLANG_WARN_UNGUARDED_AVAILABILITY = YES_AGGRESSIVE;
				CLANG_WARN_UNREACHABLE_CODE = YES;
				CLANG_WARN__DUPLICATE_METHOD_MATCH = YES;
				COPY_PHASE_STRIP = NO;
				DEBUG_INFORMATION_FORMAT = "dwarf-with-dsym";
				ENABLE_NS_ASSERTIONS = NO;
				ENABLE_STRICT_OBJC_MSGSEND = YES;
				GCC_C_LANGUAGE_STANDARD = gnu11;
				GCC_NO_COMMON_BLOCKS = YES;
				GCC_WARN_64_TO_32_BIT_CONVERSION = YES;
				GCC_WARN_ABOUT_RETURN_TYPE = YES_ERROR;
				GCC_WARN_UNDECLARED_SELECTOR = YES;
				GCC_WARN_UNINITIALIZED_AUTOS = YES_AGGRESSIVE;
				GCC_WARN_UNUSED_FUNCTION = YES;
				GCC_WARN_UNUSED_VARIABLE = YES;
				IPHONEOS_DEPLOYMENT_TARGET = 15.2;
				MTL_ENABLE_DEBUG_INFO = NO;
				MTL_FAST_MATH = YES;
				SDKROOT = iphoneos;
				SWIFT_COMPILATION_MODE = wholemodule;
				SWIFT_OPTIMIZATION_LEVEL = "-O";
				VALIDATE_PRODUCT = YES;
			};
			name = Release;
		};
		E65326552DA7EF9B00380B93 /* Debug */ = {
			isa = XCBuildConfiguration;
			buildSettings = {
				ASSETCATALOG_COMPILER_APPICON_NAME = AppIcon;
				ASSETCATALOG_COMPILER_GLOBAL_ACCENT_COLOR_NAME = AccentColor;
				CODE_SIGN_STYLE = Automatic;
				CURRENT_PROJECT_VERSION = 1;
				DEVELOPMENT_ASSET_PATHS = "\"MeuDiario/Preview Content\"";
				ENABLE_PREVIEWS = YES;
				GENERATE_INFOPLIST_FILE = YES;
				INFOPLIST_KEY_UIApplicationSceneManifest_Generation = YES;
				INFOPLIST_KEY_UIApplicationSupportsIndirectInputEvents = YES;
				INFOPLIST_KEY_UILaunchScreen_Generation = YES;
				INFOPLIST_KEY_UISupportedInterfaceOrientations_iPad = "UIInterfaceOrientationPortrait UIInterfaceOrientationPortraitUpsideDown UIInterfaceOrientationLandscapeLeft UIInterfaceOrientationLandscapeRight";
				INFOPLIST_KEY_UISupportedInterfaceOrientations_iPhone = "UIInterfaceOrientationPortrait UIInterfaceOrientationLandscapeLeft UIInterfaceOrientationLandscapeRight";
				LD_RUNPATH_SEARCH_PATHS = (
					"$(inherited)",
					"@executable_path/Frameworks",
				);
				MARKETING_VERSION = 1.0;
				PRODUCT_BUNDLE_IDENTIFIER = swiftUI.MeuDiario;
				PRODUCT_NAME = "$(TARGET_NAME)";
				SWIFT_EMIT_LOC_STRINGS = YES;
				SWIFT_VERSION = 5.0;
				TARGETED_DEVICE_FAMILY = "1,2";
			};
			name = Debug;
		};
		E65326562DA7EF9B00380B93 /* Release */ = {
			isa = XCBuildConfiguration;
			buildSettings = {
				ASSETCATALOG_COMPILER_APPICON_NAME = AppIcon;
				ASSETCATALOG_COMPILER_GLOBAL_ACCENT_COLOR_NAME = AccentColor;
				CODE_SIGN_STYLE = Automatic;
				CURRENT_PROJECT_VERSION = 1;
				DEVELOPMENT_ASSET_PATHS = "\"MeuDiario/Preview Content\"";
				ENABLE_PREVIEWS = YES;
				GENERATE_INFOPLIST_FILE = YES;
				INFOPLIST_KEY_UIApplicationSceneManifest_Generation = YES;
				INFOPLIST_KEY_UIApplicationSupportsIndirectInputEvents = YES;
				INFOPLIST_KEY_UILaunchScreen_Generation = YES;
				INFOPLIST_KEY_UISupportedInterfaceOrientations_iPad = "UIInterfaceOrientationPortrait UIInterfaceOrientationPortraitUpsideDown UIInterfaceOrientationLandscapeLeft UIInterfaceOrientationLandscapeRight";
				INFOPLIST_KEY_UISupportedInterfaceOrientations_iPhone = "UIInterfaceOrientationPortrait UIInterfaceOrientationLandscapeLeft UIInterfaceOrientationLandscapeRight";
				LD_RUNPATH_SEARCH_PATHS = (
					"$(inherited)",
					"@executable_path/Frameworks",
				);
				MARKETING_VERSION = 1.0;
				PRODUCT_BUNDLE_IDENTIFIER = swiftUI.MeuDiario;
				PRODUCT_NAME = "$(TARGET_NAME)";
				SWIFT_EMIT_LOC_STRINGS = YES;
				SWIFT_VERSION = 5.0;
				TARGETED_DEVICE_FAMILY = "1,2";
			};
			name = Release;
		};
/* End XCBuildConfiguration section */

/* Begin XCConfigurationList section */
		E65326412DA7EF9700380B93 /* Build configuration list for PBXProject "MeuDiario" */ = {
			isa = XCConfigurationList;
			buildConfigurations = (
				E65326522DA7EF9B00380B93 /* Debug */,
				E65326532DA7EF9B00380B93 /* Release */,
			);
			defaultConfigurationIsVisible = 0;
			defaultConfigurationName = Release;
		};
		E65326542DA7EF9B00380B93 /* Build configuration list for PBXNativeTarget "MeuDiario" */ = {
			isa = XCConfigurationList;
			buildConfigurations = (
				E65326552DA7EF9B00380B93 /* Debug */,
				E65326562DA7EF9B00380B93 /* Release */,
			);
			defaultConfigurationIsVisible = 0;
			defaultConfigurationName = Release;
		};
/* End XCConfigurationList section */
	};
	rootObject = E653263E2DA7EF9700380B93 /* Project object */;
}
